
Microsoft Visual Studio Solution File, Format Version 12.00
# Visual Studio Version 17
VisualStudioVersion = 17.3.32819.101
MinimumVisualStudioVersion = 10.0.40219.1
Project("{FAE04EC0-301F-11D3-BF4B-00C04F79EFBC}") = "Company.API", "Company.API\Company.API.csproj", "{58A2F842-3D45-4F32-ACB5-83314163ABE1}"
EndProject
Project("{FAE04EC0-301F-11D3-BF4B-00C04F79EFBC}") = "Company.Data", "Company.Data\Company.Data.csproj", "{8EBB6C2A-8469-460D-9A61-FFFA898D2F0E}"
EndProject
Project("{FAE04EC0-301F-11D3-BF4B-00C04F79EFBC}") = "Company.Common", "Company.Common\Company.Common.csproj", "{F636E033-C5F9-4DA7-8136-8D6404F49299}"
EndProject
Global
	GlobalSection(SolutionConfigurationPlatforms) = preSolution
		Debug|Any CPU = Debug|Any CPU
		Release|Any CPU = Release|Any CPU
	EndGlobalSection
	GlobalSection(ProjectConfigurationPlatforms) = postSolution
		{58A2F842-3D45-4F32-ACB5-83314163ABE1}.Debug|Any CPU.ActiveCfg = Debug|Any CPU
		{58A2F842-3D45-4F32-ACB5-83314163ABE1}.Debug|Any CPU.Build.0 = Debug|Any CPU
		{58A2F842-3D45-4F32-ACB5-83314163ABE1}.Release|Any CPU.ActiveCfg = Release|Any CPU
		{58A2F842-3D45-4F32-ACB5-83314163ABE1}.Release|Any CPU.Build.0 = Release|Any CPU
		{8EBB6C2A-8469-460D-9A61-FFFA898D2F0E}.Debug|Any CPU.ActiveCfg = Debug|Any CPU
		{8EBB6C2A-8469-460D-9A61-FFFA898D2F0E}.Debug|Any CPU.Build.0 = Debug|Any CPU
		{8EBB6C2A-8469-460D-9A61-FFFA898D2F0E}.Release|Any CPU.ActiveCfg = Release|Any CPU
		{8EBB6C2A-8469-460D-9A61-FFFA898D2F0E}.Release|Any CPU.Build.0 = Release|Any CPU
		{F636E033-C5F9-4DA7-8136-8D6404F49299}.Debug|Any CPU.ActiveCfg = Debug|Any CPU
		{F636E033-C5F9-4DA7-8136-8D6404F49299}.Debug|Any CPU.Build.0 = Debug|Any CPU
		{F636E033-C5F9-4DA7-8136-8D6404F49299}.Release|Any CPU.ActiveCfg = Release|Any CPU
		{F636E033-C5F9-4DA7-8136-8D6404F49299}.Release|Any CPU.Build.0 = Release|Any CPU
	EndGlobalSection
	GlobalSection(SolutionProperties) = preSolution
		HideSolutionNode = FALSE
	EndGlobalSection
	GlobalSection(ExtensibilityGlobals) = postSolution
		SolutionGuid = {FFB733A1-F7D1-4B53-9FC9-85D2CB7BE9FC}
	EndGlobalSection
EndGlobal
